
Microsoft Visual Studio Solution File, Format Version 12.00
# Visual Studio 15
VisualStudioVersion = 15.0.27703.2042
MinimumVisualStudioVersion = 10.0.40219.1
Project("{FAE04EC0-301F-11D3-BF4B-00C04F79EFBC}") = "AppTesteCamera.Android", "AppTesteCamera\AppTesteCamera.Android\AppTesteCamera.Android.csproj", "{E00BADB2-C287-4978-B6E7-7E81C299FBA9}"
EndProject
Project("{FAE04EC0-301F-11D3-BF4B-00C04F79EFBC}") = "AppTesteCamera.iOS", "AppTesteCamera\AppTesteCamera.iOS\AppTesteCamera.iOS.csproj", "{41EFB9DA-3C36-4DE0-B21E-B53C10AED749}"
EndProject
Project("{FAE04EC0-301F-11D3-BF4B-00C04F79EFBC}") = "AppTesteCamera.UWP", "AppTesteCamera\AppTesteCamera.UWP\AppTesteCamera.UWP.csproj", "{70D79937-36F5-49CE-BA47-32416DE27730}"
EndProject
Project("{FAE04EC0-301F-11D3-BF4B-00C04F79EFBC}") = "AppTesteCamera", "AppTesteCamera\AppTesteCamera\AppTesteCamera.csproj", "{501895BF-4883-40E3-BE66-D1AC071D5171}"
EndProject
Global
	GlobalSection(SolutionConfigurationPlatforms) = preSolution
		Ad-Hoc|Any CPU = Ad-Hoc|Any CPU
		Ad-Hoc|ARM = Ad-Hoc|ARM
		Ad-Hoc|iPhone = Ad-Hoc|iPhone
		Ad-Hoc|iPhoneSimulator = Ad-Hoc|iPhoneSimulator
		Ad-Hoc|x64 = Ad-Hoc|x64
		Ad-Hoc|x86 = Ad-Hoc|x86
		AppStore|Any CPU = AppStore|Any CPU
		AppStore|ARM = AppStore|ARM
		AppStore|iPhone = AppStore|iPhone
		AppStore|iPhoneSimulator = AppStore|iPhoneSimulator
		AppStore|x64 = AppStore|x64
		AppStore|x86 = AppStore|x86
		Debug|Any CPU = Debug|Any CPU
		Debug|ARM = Debug|ARM
		Debug|iPhone = Debug|iPhone
		Debug|iPhoneSimulator = Debug|iPhoneSimulator
		Debug|x64 = Debug|x64
		Debug|x86 = Debug|x86
		Release|Any CPU = Release|Any CPU
		Release|ARM = Release|ARM
		Release|iPhone = Release|iPhone
		Release|iPhoneSimulator = Release|iPhoneSimulator
		Release|x64 = Release|x64
		Release|x86 = Release|x86
	EndGlobalSection
	GlobalSection(ProjectConfigurationPlatforms) = postSolution
		{E00BADB2-C287-4978-B6E7-7E81C299FBA9}.Ad-Hoc|Any CPU.ActiveCfg = Release|Any CPU
		{E00BADB2-C287-4978-B6E7-7E81C299FBA9}.Ad-Hoc|Any CPU.Build.0 = Release|Any CPU
		{E00BADB2-C287-4978-B6E7-7E81C299FBA9}.Ad-Hoc|Any CPU.Deploy.0 = Release|Any CPU
		{E00BADB2-C287-4978-B6E7-7E81C299FBA9}.Ad-Hoc|ARM.ActiveCfg = Release|Any CPU
		{E00BADB2-C287-4978-B6E7-7E81C299FBA9}.Ad-Hoc|ARM.Build.0 = Release|Any CPU
		{E00BADB2-C287-4978-B6E7-7E81C299FBA9}.Ad-Hoc|ARM.Deploy.0 = Release|Any CPU
		{E00BADB2-C287-4978-B6E7-7E81C299FBA9}.Ad-Hoc|iPhone.ActiveCfg = Release|Any CPU
		{E00BADB2-C287-4978-B6E7-7E81C299FBA9}.Ad-Hoc|iPhone.Build.0 = Release|Any CPU
		{E00BADB2-C287-4978-B6E7-7E81C299FBA9}.Ad-Hoc|iPhone.Deploy.0 = Release|Any CPU
		{E00BADB2-C287-4978-B6E7-7E81C299FBA9}.Ad-Hoc|iPhoneSimulator.ActiveCfg = Release|Any CPU
		{E00BADB2-C287-4978-B6E7-7E81C299FBA9}.Ad-Hoc|iPhoneSimulator.Build.0 = Release|Any CPU
		{E00BADB2-C287-4978-B6E7-7E81C299FBA9}.Ad-Hoc|iPhoneSimulator.Deploy.0 = Release|Any CPU
		{E00BADB2-C287-4978-B6E7-7E81C299FBA9}.Ad-Hoc|x64.ActiveCfg = Release|Any CPU
		{E00BADB2-C287-4978-B6E7-7E81C299FBA9}.Ad-Hoc|x64.Build.0 = Release|Any CPU
		{E00BADB2-C287-4978-B6E7-7E81C299FBA9}.Ad-Hoc|x64.Deploy.0 = Release|Any CPU
		{E00BADB2-C287-4978-B6E7-7E81C299FBA9}.Ad-Hoc|x86.ActiveCfg = Release|Any CPU
		{E00BADB2-C287-4978-B6E7-7E81C299FBA9}.Ad-Hoc|x86.Build.0 = Release|Any CPU
		{E00BADB2-C287-4978-B6E7-7E81C299FBA9}.Ad-Hoc|x86.Deploy.0 = Release|Any CPU
		{E00BADB2-C287-4978-B6E7-7E81C299FBA9}.AppStore|Any CPU.ActiveCfg = Release|Any CPU
		{E00BADB2-C287-4978-B6E7-7E81C299FBA9}.AppStore|Any CPU.Build.0 = Release|Any CPU
		{E00BADB2-C287-4978-B6E7-7E81C299FBA9}.AppStore|Any CPU.Deploy.0 = Release|Any CPU
		{E00BADB2-C287-4978-B6E7-7E81C299FBA9}.AppStore|ARM.ActiveCfg = Release|Any CPU
		{E00BADB2-C287-4978-B6E7-7E81C299FBA9}.AppStore|ARM.Build.0 = Release|Any CPU
		{E00BADB2-C287-4978-B6E7-7E81C299FBA9}.AppStore|ARM.Deploy.0 = Release|Any CPU
		{E00BADB2-C287-4978-B6E7-7E81C299FBA9}.AppStore|iPhone.ActiveCfg = Release|Any CPU
		{E00BADB2-C287-4978-B6E7-7E81C299FBA9}.AppStore|iPhone.Build.0 = Release|Any CPU
		{E00BADB2-C287-4978-B6E7-7E81C299FBA9}.AppStore|iPhone.Deploy.0 = Release|Any CPU
		{E00BADB2-C287-4978-B6E7-7E81C299FBA9}.AppStore|iPhoneSimulator.ActiveCfg = Release|Any CPU
		{E00BADB2-C287-4978-B6E7-7E81C299FBA9}.AppStore|iPhoneSimulator.Build.0 = Release|Any CPU
		{E00BADB2-C287-4978-B6E7-7E81C299FBA9}.AppStore|iPhoneSimulator.Deploy.0 = Release|Any CPU
		{E00BADB2-C287-4978-B6E7-7E81C299FBA9}.AppStore|x64.ActiveCfg = Release|Any CPU
		{E00BADB2-C287-4978-B6E7-7E81C299FBA9}.AppStore|x64.Build.0 = Release|Any CPU
		{E00BADB2-C287-4978-B6E7-7E81C299FBA9}.AppStore|x64.Deploy.0 = Release|Any CPU
		{E00BADB2-C287-4978-B6E7-7E81C299FBA9}.AppStore|x86.ActiveCfg = Release|Any CPU
		{E00BADB2-C287-4978-B6E7-7E81C299FBA9}.AppStore|x86.Build.0 = Release|Any CPU
		{E00BADB2-C287-4978-B6E7-7E81C299FBA9}.AppStore|x86.Deploy.0 = Release|Any CPU
		{E00BADB2-C287-4978-B6E7-7E81C299FBA9}.Debug|Any CPU.ActiveCfg = Debug|Any CPU
		{E00BADB2-C287-4978-B6E7-7E81C299FBA9}.Debug|Any CPU.Build.0 = Debug|Any CPU
		{E00BADB2-C287-4978-B6E7-7E81C299FBA9}.Debug|Any CPU.Deploy.0 = Debug|Any CPU
		{E00BADB2-C287-4978-B6E7-7E81C299FBA9}.Debug|ARM.ActiveCfg = Debug|Any CPU
		{E00BADB2-C287-4978-B6E7-7E81C299FBA9}.Debug|ARM.Build.0 = Debug|Any CPU
		{E00BADB2-C287-4978-B6E7-7E81C299FBA9}.Debug|ARM.Deploy.0 = Debug|Any CPU
		{E00BADB2-C287-4978-B6E7-7E81C299FBA9}.Debug|iPhone.ActiveCfg = Debug|Any CPU
		{E00BADB2-C287-4978-B6E7-7E81C299FBA9}.Debug|iPhone.Build.0 = Debug|Any CPU
		{E00BADB2-C287-4978-B6E7-7E81C299FBA9}.Debug|iPhone.Deploy.0 = Debug|Any CPU
		{E00BADB2-C287-4978-B6E7-7E81C299FBA9}.Debug|iPhoneSimulator.ActiveCfg = Debug|Any CPU
		{E00BADB2-C287-4978-B6E7-7E81C299FBA9}.Debug|iPhoneSimulator.Build.0 = Debug|Any CPU
		{E00BADB2-C287-4978-B6E7-7E81C299FBA9}.Debug|iPhoneSimulator.Deploy.0 = Debug|Any CPU
		{E00BADB2-C287-4978-B6E7-7E81C299FBA9}.Debug|x64.ActiveCfg = Debug|Any CPU
		{E00BADB2-C287-4978-B6E7-7E81C299FBA9}.Debug|x64.Build.0 = Debug|Any CPU
		{E00BADB2-C287-4978-B6E7-7E81C299FBA9}.Debug|x64.Deploy.0 = Debug|Any CPU
		{E00BADB2-C287-4978-B6E7-7E81C299FBA9}.Debug|x86.ActiveCfg = Debug|Any CPU
		{E00BADB2-C287-4978-B6E7-7E81C299FBA9}.Debug|x86.Build.0 = Debug|Any CPU
		{E00BADB2-C287-4978-B6E7-7E81C299FBA9}.Debug|x86.Deploy.0 = Debug|Any CPU
		{E00BADB2-C287-4978-B6E7-7E81C299FBA9}.Release|Any CPU.ActiveCfg = Release|Any CPU
		{E00BADB2-C287-4978-B6E7-7E81C299FBA9}.Release|Any CPU.Build.0 = Release|Any CPU
		{E00BADB2-C287-4978-B6E7-7E81C299FBA9}.Release|Any CPU.Deploy.0 = Release|Any CPU
		{E00BADB2-C287-4978-B6E7-7E81C299FBA9}.Release|ARM.ActiveCfg = Release|Any CPU
		{E00BADB2-C287-4978-B6E7-7E81C299FBA9}.Release|ARM.Build.0 = Release|Any CPU
		{E00BADB2-C287-4978-B6E7-7E81C299FBA9}.Release|ARM.Deploy.0 = Release|Any CPU
		{E00BADB2-C287-4978-B6E7-7E81C299FBA9}.Release|iPhone.ActiveCfg = Release|Any CPU
		{E00BADB2-C287-4978-B6E7-7E81C299FBA9}.Release|iPhone.Build.0 = Release|Any CPU
		{E00BADB2-C287-4978-B6E7-7E81C299FBA9}.Release|iPhone.Deploy.0 = Release|Any CPU
		{E00BADB2-C287-4978-B6E7-7E81C299FBA9}.Release|iPhoneSimulator.ActiveCfg = Release|Any CPU
		{E00BADB2-C287-4978-B6E7-7E81C299FBA9}.Release|iPhoneSimulator.Build.0 = Release|Any CPU
		{E00BADB2-C287-4978-B6E7-7E81C299FBA9}.Release|iPhoneSimulator.Deploy.0 = Release|Any CPU
		{E00BADB2-C287-4978-B6E7-7E81C299FBA9}.Release|x64.ActiveCfg = Release|Any CPU
		{E00BADB2-C287-4978-B6E7-7E81C299FBA9}.Release|x64.Build.0 = Release|Any CPU
		{E00BADB2-C287-4978-B6E7-7E81C299FBA9}.Release|x64.Deploy.0 = Release|Any CPU
		{E00BADB2-C287-4978-B6E7-7E81C299FBA9}.Release|x86.ActiveCfg = Release|Any CPU
		{E00BADB2-C287-4978-B6E7-7E81C299FBA9}.Release|x86.Build.0 = Release|Any CPU
		{E00BADB2-C287-4978-B6E7-7E81C299FBA9}.Release|x86.Deploy.0 = Release|Any CPU
		{41EFB9DA-3C36-4DE0-B21E-B53C10AED749}.Ad-Hoc|Any CPU.ActiveCfg = Ad-Hoc|iPhone
		{41EFB9DA-3C36-4DE0-B21E-B53C10AED749}.Ad-Hoc|Any CPU.Build.0 = Ad-Hoc|iPhone
		{41EFB9DA-3C36-4DE0-B21E-B53C10AED749}.Ad-Hoc|Any CPU.Deploy.0 = Ad-Hoc|iPhone
		{41EFB9DA-3C36-4DE0-B21E-B53C10AED749}.Ad-Hoc|ARM.ActiveCfg = Ad-Hoc|iPhone
		{41EFB9DA-3C36-4DE0-B21E-B53C10AED749}.Ad-Hoc|ARM.Build.0 = Ad-Hoc|iPhone
		{41EFB9DA-3C36-4DE0-B21E-B53C10AED749}.Ad-Hoc|ARM.Deploy.0 = Ad-Hoc|iPhone
		{41EFB9DA-3C36-4DE0-B21E-B53C10AED749}.Ad-Hoc|iPhone.ActiveCfg = Ad-Hoc|iPhone
		{41EFB9DA-3C36-4DE0-B21E-B53C10AED749}.Ad-Hoc|iPhone.Build.0 = Ad-Hoc|iPhone
		{41EFB9DA-3C36-4DE0-B21E-B53C10AED749}.Ad-Hoc|iPhone.Deploy.0 = Ad-Hoc|iPhone
		{41EFB9DA-3C36-4DE0-B21E-B53C10AED749}.Ad-Hoc|iPhoneSimulator.ActiveCfg = Ad-Hoc|iPhoneSimulator
		{41EFB9DA-3C36-4DE0-B21E-B53C10AED749}.Ad-Hoc|iPhoneSimulator.Build.0 = Ad-Hoc|iPhoneSimulator
		{41EFB9DA-3C36-4DE0-B21E-B53C10AED749}.Ad-Hoc|iPhoneSimulator.Deploy.0 = Ad-Hoc|iPhoneSimulator
		{41EFB9DA-3C36-4DE0-B21E-B53C10AED749}.Ad-Hoc|x64.ActiveCfg = Ad-Hoc|iPhone
		{41EFB9DA-3C36-4DE0-B21E-B53C10AED749}.Ad-Hoc|x64.Build.0 = Ad-Hoc|iPhone
		{41EFB9DA-3C36-4DE0-B21E-B53C10AED749}.Ad-Hoc|x64.Deploy.0 = Ad-Hoc|iPhone
		{41EFB9DA-3C36-4DE0-B21E-B53C10AED749}.Ad-Hoc|x86.ActiveCfg = Ad-Hoc|iPhone
		{41EFB9DA-3C36-4DE0-B21E-B53C10AED749}.Ad-Hoc|x86.Build.0 = Ad-Hoc|iPhone
		{41EFB9DA-3C36-4DE0-B21E-B53C10AED749}.Ad-Hoc|x86.Deploy.0 = Ad-Hoc|iPhone
		{41EFB9DA-3C36-4DE0-B21E-B53C10AED749}.AppStore|Any CPU.ActiveCfg = AppStore|iPhone
		{41EFB9DA-3C36-4DE0-B21E-B53C10AED749}.AppStore|Any CPU.Build.0 = AppStore|iPhone
		{41EFB9DA-3C36-4DE0-B21E-B53C10AED749}.AppStore|Any CPU.Deploy.0 = AppStore|iPhone
		{41EFB9DA-3C36-4DE0-B21E-B53C10AED749}.AppStore|ARM.ActiveCfg = AppStore|iPhone
		{41EFB9DA-3C36-4DE0-B21E-B53C10AED749}.AppStore|ARM.Build.0 = AppStore|iPhone
		{41EFB9DA-3C36-4DE0-B21E-B53C10AED749}.AppStore|ARM.Deploy.0 = AppStore|iPhone
		{41EFB9DA-3C36-4DE0-B21E-B53C10AED749}.AppStore|iPhone.ActiveCfg = AppStore|iPhone
		{41EFB9DA-3C36-4DE0-B21E-B53C10AED749}.AppStore|iPhone.Build.0 = AppStore|iPhone
		{41EFB9DA-3C36-4DE0-B21E-B53C10AED749}.AppStore|iPhone.Deploy.0 = AppStore|iPhone
		{41EFB9DA-3C36-4DE0-B21E-B53C10AED749}.AppStore|iPhoneSimulator.ActiveCfg = AppStore|iPhoneSimulator
		{41EFB9DA-3C36-4DE0-B21E-B53C10AED749}.AppStore|iPhoneSimulator.Build.0 = AppStore|iPhoneSimulator
		{41EFB9DA-3C36-4DE0-B21E-B53C10AED749}.AppStore|iPhoneSimulator.Deploy.0 = AppStore|iPhoneSimulator
		{41EFB9DA-3C36-4DE0-B21E-B53C10AED749}.AppStore|x64.ActiveCfg = AppStore|iPhone
		{41EFB9DA-3C36-4DE0-B21E-B53C10AED749}.AppStore|x64.Build.0 = AppStore|iPhone
		{41EFB9DA-3C36-4DE0-B21E-B53C10AED749}.AppStore|x64.Deploy.0 = AppStore|iPhone
		{41EFB9DA-3C36-4DE0-B21E-B53C10AED749}.AppStore|x86.ActiveCfg = AppStore|iPhone
		{41EFB9DA-3C36-4DE0-B21E-B53C10AED749}.AppStore|x86.Build.0 = AppStore|iPhone
		{41EFB9DA-3C36-4DE0-B21E-B53C10AED749}.AppStore|x86.Deploy.0 = AppStore|iPhone
		{41EFB9DA-3C36-4DE0-B21E-B53C10AED749}.Debug|Any CPU.ActiveCfg = Debug|iPhoneSimulator
		{41EFB9DA-3C36-4DE0-B21E-B53C10AED749}.Debug|Any CPU.Build.0 = Debug|iPhoneSimulator
		{41EFB9DA-3C36-4DE0-B21E-B53C10AED749}.Debug|Any CPU.Deploy.0 = Debug|iPhoneSimulator
		{41EFB9DA-3C36-4DE0-B21E-B53C10AED749}.Debug|ARM.ActiveCfg = Debug|iPhone
		{41EFB9DA-3C36-4DE0-B21E-B53C10AED749}.Debug|ARM.Build.0 = Debug|iPhone
		{41EFB9DA-3C36-4DE0-B21E-B53C10AED749}.Debug|ARM.Deploy.0 = Debug|iPhone
		{41EFB9DA-3C36-4DE0-B21E-B53C10AED749}.Debug|iPhone.ActiveCfg = Debug|iPhone
		{41EFB9DA-3C36-4DE0-B21E-B53C10AED749}.Debug|iPhone.Build.0 = Debug|iPhone
		{41EFB9DA-3C36-4DE0-B21E-B53C10AED749}.Debug|iPhone.Deploy.0 = Debug|iPhone
		{41EFB9DA-3C36-4DE0-B21E-B53C10AED749}.Debug|iPhoneSimulator.ActiveCfg = Debug|iPhoneSimulator
		{41EFB9DA-3C36-4DE0-B21E-B53C10AED749}.Debug|iPhoneSimulator.Build.0 = Debug|iPhoneSimulator
		{41EFB9DA-3C36-4DE0-B21E-B53C10AED749}.Debug|iPhoneSimulator.Deploy.0 = Debug|iPhoneSimulator
		{41EFB9DA-3C36-4DE0-B21E-B53C10AED749}.Debug|x64.ActiveCfg = Debug|iPhone
		{41EFB9DA-3C36-4DE0-B21E-B53C10AED749}.Debug|x64.Build.0 = Debug|iPhone
		{41EFB9DA-3C36-4DE0-B21E-B53C10AED749}.Debug|x64.Deploy.0 = Debug|iPhone
		{41EFB9DA-3C36-4DE0-B21E-B53C10AED749}.Debug|x86.ActiveCfg = Debug|iPhone
		{41EFB9DA-3C36-4DE0-B21E-B53C10AED749}.Debug|x86.Build.0 = Debug|iPhone
		{41EFB9DA-3C36-4DE0-B21E-B53C10AED749}.Debug|x86.Deploy.0 = Debug|iPhone
		{41EFB9DA-3C36-4DE0-B21E-B53C10AED749}.Release|Any CPU.ActiveCfg = Release|iPhone
		{41EFB9DA-3C36-4DE0-B21E-B53C10AED749}.Release|Any CPU.Build.0 = Release|iPhone
		{41EFB9DA-3C36-4DE0-B21E-B53C10AED749}.Release|Any CPU.Deploy.0 = Release|iPhone
		{41EFB9DA-3C36-4DE0-B21E-B53C10AED749}.Release|ARM.ActiveCfg = Release|iPhone
		{41EFB9DA-3C36-4DE0-B21E-B53C10AED749}.Release|ARM.Build.0 = Release|iPhone
		{41EFB9DA-3C36-4DE0-B21E-B53C10AED749}.Release|ARM.Deploy.0 = Release|iPhone
		{41EFB9DA-3C36-4DE0-B21E-B53C10AED749}.Release|iPhone.ActiveCfg = Release|iPhone
		{41EFB9DA-3C36-4DE0-B21E-B53C10AED749}.Release|iPhone.Build.0 = Release|iPhone
		{41EFB9DA-3C36-4DE0-B21E-B53C10AED749}.Release|iPhone.Deploy.0 = Release|iPhone
		{41EFB9DA-3C36-4DE0-B21E-B53C10AED749}.Release|iPhoneSimulator.ActiveCfg = Release|iPhoneSimulator
		{41EFB9DA-3C36-4DE0-B21E-B53C10AED749}.Release|iPhoneSimulator.Build.0 = Release|iPhoneSimulator
		{41EFB9DA-3C36-4DE0-B21E-B53C10AED749}.Release|iPhoneSimulator.Deploy.0 = Release|iPhoneSimulator
		{41EFB9DA-3C36-4DE0-B21E-B53C10AED749}.Release|x64.ActiveCfg = Release|iPhone
		{41EFB9DA-3C36-4DE0-B21E-B53C10AED749}.Release|x64.Build.0 = Release|iPhone
		{41EFB9DA-3C36-4DE0-B21E-B53C10AED749}.Release|x64.Deploy.0 = Release|iPhone
		{41EFB9DA-3C36-4DE0-B21E-B53C10AED749}.Release|x86.ActiveCfg = Release|iPhone
		{41EFB9DA-3C36-4DE0-B21E-B53C10AED749}.Release|x86.Build.0 = Release|iPhone
		{41EFB9DA-3C36-4DE0-B21E-B53C10AED749}.Release|x86.Deploy.0 = Release|iPhone
		{70D79937-36F5-49CE-BA47-32416DE27730}.Ad-Hoc|Any CPU.ActiveCfg = Release|x86
		{70D79937-36F5-49CE-BA47-32416DE27730}.Ad-Hoc|Any CPU.Build.0 = Release|x86
		{70D79937-36F5-49CE-BA47-32416DE27730}.Ad-Hoc|Any CPU.Deploy.0 = Release|x86
		{70D79937-36F5-49CE-BA47-32416DE27730}.Ad-Hoc|ARM.ActiveCfg = Release|ARM
		{70D79937-36F5-49CE-BA47-32416DE27730}.Ad-Hoc|ARM.Build.0 = Release|ARM
		{70D79937-36F5-49CE-BA47-32416DE27730}.Ad-Hoc|ARM.Deploy.0 = Release|ARM
		{70D79937-36F5-49CE-BA47-32416DE27730}.Ad-Hoc|iPhone.ActiveCfg = Release|x86
		{70D79937-36F5-49CE-BA47-32416DE27730}.Ad-Hoc|iPhone.Build.0 = Release|x86
		{70D79937-36F5-49CE-BA47-32416DE27730}.Ad-Hoc|iPhone.Deploy.0 = Release|x86
		{70D79937-36F5-49CE-BA47-32416DE27730}.Ad-Hoc|iPhoneSimulator.ActiveCfg = Release|x86
		{70D79937-36F5-49CE-BA47-32416DE27730}.Ad-Hoc|iPhoneSimulator.Build.0 = Release|x86
		{70D79937-36F5-49CE-BA47-32416DE27730}.Ad-Hoc|iPhoneSimulator.Deploy.0 = Release|x86
		{70D79937-36F5-49CE-BA47-32416DE27730}.Ad-Hoc|x64.ActiveCfg = Release|x64
		{70D79937-36F5-49CE-BA47-32416DE27730}.Ad-Hoc|x64.Build.0 = Release|x64
		{70D79937-36F5-49CE-BA47-32416DE27730}.Ad-Hoc|x64.Deploy.0 = Release|x64
		{70D79937-36F5-49CE-BA47-32416DE27730}.Ad-Hoc|x86.ActiveCfg = Release|x86
		{70D79937-36F5-49CE-BA47-32416DE27730}.Ad-Hoc|x86.Build.0 = Release|x86
		{70D79937-36F5-49CE-BA47-32416DE27730}.Ad-Hoc|x86.Deploy.0 = Release|x86
		{70D79937-36F5-49CE-BA47-32416DE27730}.AppStore|Any CPU.ActiveCfg = Release|x86
		{70D79937-36F5-49CE-BA47-32416DE27730}.AppStore|Any CPU.Build.0 = Release|x86
		{70D79937-36F5-49CE-BA47-32416DE27730}.AppStore|Any CPU.Deploy.0 = Release|x86
		{70D79937-36F5-49CE-BA47-32416DE27730}.AppStore|ARM.ActiveCfg = Release|ARM
		{70D79937-36F5-49CE-BA47-32416DE27730}.AppStore|ARM.Build.0 = Release|ARM
		{70D79937-36F5-49CE-BA47-32416DE27730}.AppStore|ARM.Deploy.0 = Release|ARM
		{70D79937-36F5-49CE-BA47-32416DE27730}.AppStore|iPhone.ActiveCfg = Release|x86
		{70D79937-36F5-49CE-BA47-32416DE27730}.AppStore|iPhone.Build.0 = Release|x86
		{70D79937-36F5-49CE-BA47-32416DE27730}.AppStore|iPhone.Deploy.0 = Release|x86
		{70D79937-36F5-49CE-BA47-32416DE27730}.AppStore|iPhoneSimulator.ActiveCfg = Release|x86
		{70D79937-36F5-49CE-BA47-32416DE27730}.AppStore|iPhoneSimulator.Build.0 = Release|x86
		{70D79937-36F5-49CE-BA47-32416DE27730}.AppStore|iPhoneSimulator.Deploy.0 = Release|x86
		{70D79937-36F5-49CE-BA47-32416DE27730}.AppStore|x64.ActiveCfg = Release|x64
		{70D79937-36F5-49CE-BA47-32416DE27730}.AppStore|x64.Build.0 = Release|x64
		{70D79937-36F5-49CE-BA47-32416DE27730}.AppStore|x64.Deploy.0 = Release|x64
		{70D79937-36F5-49CE-BA47-32416DE27730}.AppStore|x86.ActiveCfg = Release|x86
		{70D79937-36F5-49CE-BA47-32416DE27730}.AppStore|x86.Build.0 = Release|x86
		{70D79937-36F5-49CE-BA47-32416DE27730}.AppStore|x86.Deploy.0 = Release|x86
		{70D79937-36F5-49CE-BA47-32416DE27730}.Debug|Any CPU.ActiveCfg = Debug|x86
		{70D79937-36F5-49CE-BA47-32416DE27730}.Debug|Any CPU.Build.0 = Debug|x86
		{70D79937-36F5-49CE-BA47-32416DE27730}.Debug|Any CPU.Deploy.0 = Debug|x86
		{70D79937-36F5-49CE-BA47-32416DE27730}.Debug|ARM.ActiveCfg = Debug|ARM
		{70D79937-36F5-49CE-BA47-32416DE27730}.Debug|ARM.Build.0 = Debug|ARM
		{70D79937-36F5-49CE-BA47-32416DE27730}.Debug|ARM.Deploy.0 = Debug|ARM
		{70D79937-36F5-49CE-BA47-32416DE27730}.Debug|iPhone.ActiveCfg = Debug|x86
		{70D79937-36F5-49CE-BA47-32416DE27730}.Debug|iPhone.Build.0 = Debug|x86
		{70D79937-36F5-49CE-BA47-32416DE27730}.Debug|iPhone.Deploy.0 = Debug|x86
		{70D79937-36F5-49CE-BA47-32416DE27730}.Debug|iPhoneSimulator.ActiveCfg = Debug|x86
		{70D79937-36F5-49CE-BA47-32416DE27730}.Debug|iPhoneSimulator.Build.0 = Debug|x86
		{70D79937-36F5-49CE-BA47-32416DE27730}.Debug|iPhoneSimulator.Deploy.0 = Debug|x86
		{70D79937-36F5-49CE-BA47-32416DE27730}.Debug|x64.ActiveCfg = Debug|x64
		{70D79937-36F5-49CE-BA47-32416DE27730}.Debug|x64.Build.0 = Debug|x64
		{70D79937-36F5-49CE-BA47-32416DE27730}.Debug|x64.Deploy.0 = Debug|x64
		{70D79937-36F5-49CE-BA47-32416DE27730}.Debug|x86.ActiveCfg = Debug|x86
		{70D79937-36F5-49CE-BA47-32416DE27730}.Debug|x86.Build.0 = Debug|x86
		{70D79937-36F5-49CE-BA47-32416DE27730}.Debug|x86.Deploy.0 = Debug|x86
		{70D79937-36F5-49CE-BA47-32416DE27730}.Release|Any CPU.ActiveCfg = Release|x86
		{70D79937-36F5-49CE-BA47-32416DE27730}.Release|Any CPU.Build.0 = Release|x86
		{70D79937-36F5-49CE-BA47-32416DE27730}.Release|Any CPU.Deploy.0 = Release|x86
		{70D79937-36F5-49CE-BA47-32416DE27730}.Release|ARM.ActiveCfg = Release|ARM
		{70D79937-36F5-49CE-BA47-32416DE27730}.Release|ARM.Build.0 = Release|ARM
		{70D79937-36F5-49CE-BA47-32416DE27730}.Release|ARM.Deploy.0 = Release|ARM
		{70D79937-36F5-49CE-BA47-32416DE27730}.Release|iPhone.ActiveCfg = Release|x86
		{70D79937-36F5-49CE-BA47-32416DE27730}.Release|iPhone.Build.0 = Release|x86
		{70D79937-36F5-49CE-BA47-32416DE27730}.Release|iPhone.Deploy.0 = Release|x86
		{70D79937-36F5-49CE-BA47-32416DE27730}.Release|iPhoneSimulator.ActiveCfg = Release|x86
		{70D79937-36F5-49CE-BA47-32416DE27730}.Release|iPhoneSimulator.Build.0 = Release|x86
		{70D79937-36F5-49CE-BA47-32416DE27730}.Release|iPhoneSimulator.Deploy.0 = Release|x86
		{70D79937-36F5-49CE-BA47-32416DE27730}.Release|x64.ActiveCfg = Release|x64
		{70D79937-36F5-49CE-BA47-32416DE27730}.Release|x64.Build.0 = Release|x64
		{70D79937-36F5-49CE-BA47-32416DE27730}.Release|x64.Deploy.0 = Release|x64
		{70D79937-36F5-49CE-BA47-32416DE27730}.Release|x86.ActiveCfg = Release|x86
		{70D79937-36F5-49CE-BA47-32416DE27730}.Release|x86.Build.0 = Release|x86
		{70D79937-36F5-49CE-BA47-32416DE27730}.Release|x86.Deploy.0 = Release|x86
		{501895BF-4883-40E3-BE66-D1AC071D5171}.Ad-Hoc|Any CPU.ActiveCfg = Debug|Any CPU
		{501895BF-4883-40E3-BE66-D1AC071D5171}.Ad-Hoc|Any CPU.Build.0 = Debug|Any CPU
		{501895BF-4883-40E3-BE66-D1AC071D5171}.Ad-Hoc|Any CPU.Deploy.0 = Debug|Any CPU
		{501895BF-4883-40E3-BE66-D1AC071D5171}.Ad-Hoc|ARM.ActiveCfg = Debug|Any CPU
		{501895BF-4883-40E3-BE66-D1AC071D5171}.Ad-Hoc|ARM.Build.0 = Debug|Any CPU
		{501895BF-4883-40E3-BE66-D1AC071D5171}.Ad-Hoc|ARM.Deploy.0 = Debug|Any CPU
		{501895BF-4883-40E3-BE66-D1AC071D5171}.Ad-Hoc|iPhone.ActiveCfg = Debug|Any CPU
		{501895BF-4883-40E3-BE66-D1AC071D5171}.Ad-Hoc|iPhone.Build.0 = Debug|Any CPU
		{501895BF-4883-40E3-BE66-D1AC071D5171}.Ad-Hoc|iPhone.Deploy.0 = Debug|Any CPU
		{501895BF-4883-40E3-BE66-D1AC071D5171}.Ad-Hoc|iPhoneSimulator.ActiveCfg = Debug|Any CPU
		{501895BF-4883-40E3-BE66-D1AC071D5171}.Ad-Hoc|iPhoneSimulator.Build.0 = Debug|Any CPU
		{501895BF-4883-40E3-BE66-D1AC071D5171}.Ad-Hoc|iPhoneSimulator.Deploy.0 = Debug|Any CPU
		{501895BF-4883-40E3-BE66-D1AC071D5171}.Ad-Hoc|x64.ActiveCfg = Debug|Any CPU
		{501895BF-4883-40E3-BE66-D1AC071D5171}.Ad-Hoc|x64.Build.0 = Debug|Any CPU
		{501895BF-4883-40E3-BE66-D1AC071D5171}.Ad-Hoc|x64.Deploy.0 = Debug|Any CPU
		{501895BF-4883-40E3-BE66-D1AC071D5171}.Ad-Hoc|x86.ActiveCfg = Debug|Any CPU
		{501895BF-4883-40E3-BE66-D1AC071D5171}.Ad-Hoc|x86.Build.0 = Debug|Any CPU
		{501895BF-4883-40E3-BE66-D1AC071D5171}.Ad-Hoc|x86.Deploy.0 = Debug|Any CPU
		{501895BF-4883-40E3-BE66-D1AC071D5171}.AppStore|Any CPU.ActiveCfg = Debug|Any CPU
		{501895BF-4883-40E3-BE66-D1AC071D5171}.AppStore|Any CPU.Build.0 = Debug|Any CPU
		{501895BF-4883-40E3-BE66-D1AC071D5171}.AppStore|Any CPU.Deploy.0 = Debug|Any CPU
		{501895BF-4883-40E3-BE66-D1AC071D5171}.AppStore|ARM.ActiveCfg = Debug|Any CPU
		{501895BF-4883-40E3-BE66-D1AC071D5171}.AppStore|ARM.Build.0 = Debug|Any CPU
		{501895BF-4883-40E3-BE66-D1AC071D5171}.AppStore|ARM.Deploy.0 = Debug|Any CPU
		{501895BF-4883-40E3-BE66-D1AC071D5171}.AppStore|iPhone.ActiveCfg = Debug|Any CPU
		{501895BF-4883-40E3-BE66-D1AC071D5171}.AppStore|iPhone.Build.0 = Debug|Any CPU
		{501895BF-4883-40E3-BE66-D1AC071D5171}.AppStore|iPhone.Deploy.0 = Debug|Any CPU
		{501895BF-4883-40E3-BE66-D1AC071D5171}.AppStore|iPhoneSimulator.ActiveCfg = Debug|Any CPU
		{501895BF-4883-40E3-BE66-D1AC071D5171}.AppStore|iPhoneSimulator.Build.0 = Debug|Any CPU
		{501895BF-4883-40E3-BE66-D1AC071D5171}.AppStore|iPhoneSimulator.Deploy.0 = Debug|Any CPU
		{501895BF-4883-40E3-BE66-D1AC071D5171}.AppStore|x64.ActiveCfg = Debug|Any CPU
		{501895BF-4883-40E3-BE66-D1AC071D5171}.AppStore|x64.Build.0 = Debug|Any CPU
		{501895BF-4883-40E3-BE66-D1AC071D5171}.AppStore|x64.Deploy.0 = Debug|Any CPU
		{501895BF-4883-40E3-BE66-D1AC071D5171}.AppStore|x86.ActiveCfg = Debug|Any CPU
		{501895BF-4883-40E3-BE66-D1AC071D5171}.AppStore|x86.Build.0 = Debug|Any CPU
		{501895BF-4883-40E3-BE66-D1AC071D5171}.AppStore|x86.Deploy.0 = Debug|Any CPU
		{501895BF-4883-40E3-BE66-D1AC071D5171}.Debug|Any CPU.ActiveCfg = Debug|Any CPU
		{501895BF-4883-40E3-BE66-D1AC071D5171}.Debug|Any CPU.Build.0 = Debug|Any CPU
		{501895BF-4883-40E3-BE66-D1AC071D5171}.Debug|Any CPU.Deploy.0 = Debug|Any CPU
		{501895BF-4883-40E3-BE66-D1AC071D5171}.Debug|ARM.ActiveCfg = Debug|Any CPU
		{501895BF-4883-40E3-BE66-D1AC071D5171}.Debug|ARM.Build.0 = Debug|Any CPU
		{501895BF-4883-40E3-BE66-D1AC071D5171}.Debug|ARM.Deploy.0 = Debug|Any CPU
		{501895BF-4883-40E3-BE66-D1AC071D5171}.Debug|iPhone.ActiveCfg = Debug|Any CPU
		{501895BF-4883-40E3-BE66-D1AC071D5171}.Debug|iPhone.Build.0 = Debug|Any CPU
		{501895BF-4883-40E3-BE66-D1AC071D5171}.Debug|iPhone.Deploy.0 = Debug|Any CPU
		{501895BF-4883-40E3-BE66-D1AC071D5171}.Debug|iPhoneSimulator.ActiveCfg = Debug|Any CPU
		{501895BF-4883-40E3-BE66-D1AC071D5171}.Debug|iPhoneSimulator.Build.0 = Debug|Any CPU
		{501895BF-4883-40E3-BE66-D1AC071D5171}.Debug|iPhoneSimulator.Deploy.0 = Debug|Any CPU
		{501895BF-4883-40E3-BE66-D1AC071D5171}.Debug|x64.ActiveCfg = Debug|Any CPU
		{501895BF-4883-40E3-BE66-D1AC071D5171}.Debug|x64.Build.0 = Debug|Any CPU
		{501895BF-4883-40E3-BE66-D1AC071D5171}.Debug|x64.Deploy.0 = Debug|Any CPU
		{501895BF-4883-40E3-BE66-D1AC071D5171}.Debug|x86.ActiveCfg = Debug|Any CPU
		{501895BF-4883-40E3-BE66-D1AC071D5171}.Debug|x86.Build.0 = Debug|Any CPU
		{501895BF-4883-40E3-BE66-D1AC071D5171}.Debug|x86.Deploy.0 = Debug|Any CPU
		{501895BF-4883-40E3-BE66-D1AC071D5171}.Release|Any CPU.ActiveCfg = Release|Any CPU
		{501895BF-4883-40E3-BE66-D1AC071D5171}.Release|Any CPU.Build.0 = Release|Any CPU
		{501895BF-4883-40E3-BE66-D1AC071D5171}.Release|Any CPU.Deploy.0 = Release|Any CPU
		{501895BF-4883-40E3-BE66-D1AC071D5171}.Release|ARM.ActiveCfg = Release|Any CPU
		{501895BF-4883-40E3-BE66-D1AC071D5171}.Release|ARM.Build.0 = Release|Any CPU
		{501895BF-4883-40E3-BE66-D1AC071D5171}.Release|ARM.Deploy.0 = Release|Any CPU
		{501895BF-4883-40E3-BE66-D1AC071D5171}.Release|iPhone.ActiveCfg = Release|Any CPU
		{501895BF-4883-40E3-BE66-D1AC071D5171}.Release|iPhone.Build.0 = Release|Any CPU
		{501895BF-4883-40E3-BE66-D1AC071D5171}.Release|iPhone.Deploy.0 = Release|Any CPU
		{501895BF-4883-40E3-BE66-D1AC071D5171}.Release|iPhoneSimulator.ActiveCfg = Release|Any CPU
		{501895BF-4883-40E3-BE66-D1AC071D5171}.Release|iPhoneSimulator.Build.0 = Release|Any CPU
		{501895BF-4883-40E3-BE66-D1AC071D5171}.Release|iPhoneSimulator.Deploy.0 = Release|Any CPU
		{501895BF-4883-40E3-BE66-D1AC071D5171}.Release|x64.ActiveCfg = Release|Any CPU
		{501895BF-4883-40E3-BE66-D1AC071D5171}.Release|x64.Build.0 = Release|Any CPU
		{501895BF-4883-40E3-BE66-D1AC071D5171}.Release|x64.Deploy.0 = Release|Any CPU
		{501895BF-4883-40E3-BE66-D1AC071D5171}.Release|x86.ActiveCfg = Release|Any CPU
		{501895BF-4883-40E3-BE66-D1AC071D5171}.Release|x86.Build.0 = Release|Any CPU
		{501895BF-4883-40E3-BE66-D1AC071D5171}.Release|x86.Deploy.0 = Release|Any CPU
	EndGlobalSection
	GlobalSection(SolutionProperties) = preSolution
		HideSolutionNode = FALSE
	EndGlobalSection
	GlobalSection(ExtensibilityGlobals) = postSolution
		SolutionGuid = {F5F413F1-44CB-44EC-BC8E-074E48810C19}
	EndGlobalSection
EndGlobal
